
Microsoft Visual Studio Solution File, Format Version 12.00
# Visual Studio Version 17
VisualStudioVersion = 17.8.34316.72
MinimumVisualStudioVersion = 10.0.40219.1
Project("{FAE04EC0-301F-11D3-BF4B-00C04F79EFBC}") = "ConsoleText", "ConsoleText\ConsoleText.csproj", "{DF5C9AF4-9BA6-40E0-BF2F-D6F52E067A45}"
EndProject
Global
	GlobalSection(SolutionConfigurationPlatforms) = preSolution
		Debug|Any CPU = Debug|Any CPU
		Release|Any CPU = Release|Any CPU
	EndGlobalSection
	GlobalSection(ProjectConfigurationPlatforms) = postSolution
		{DF5C9AF4-9BA6-40E0-BF2F-D6F52E067A45}.Debug|Any CPU.ActiveCfg = Debug|Any CPU
		{DF5C9AF4-9BA6-40E0-BF2F-D6F52E067A45}.Debug|Any CPU.Build.0 = Debug|Any CPU
		{DF5C9AF4-9BA6-40E0-BF2F-D6F52E067A45}.Release|Any CPU.ActiveCfg = Release|Any CPU
		{DF5C9AF4-9BA6-40E0-BF2F-D6F52E067A45}.Release|Any CPU.Build.0 = Release|Any CPU
	EndGlobalSection
	GlobalSection(SolutionProperties) = preSolution
		HideSolutionNode = FALSE
	EndGlobalSection
	GlobalSection(ExtensibilityGlobals) = postSolution
		SolutionGuid = {9DE48F56-9A94-44CE-8E0B-B410504B4764}
	EndGlobalSection
EndGlobal
